<?xml version="1.0" encoding="UTF-8"?>
<Scheme
   version = "1.3">
   <BuildAction>
      <BuildActionEntries>
         <BuildActionEntry
            buildForRunning = "YES">
            <BuildableReference
               BuildableIdentifier = "primary"
               BlueprintIdentifier = "26C939362947934B002211A6"
               BuildableName = "FiltroBusqueda.app"
               BlueprintName = "FiltroBusqueda"
               ReferencedContainer = "container:FiltroBusqueda.xcodeproj">
            </BuildableReference>
         </BuildActionEntry>
      </BuildActionEntries>
   </BuildAction>
   <LaunchAction
      useCustomWorkingDirectory = "NO"
      buildConfiguration = "Debug"
      allowLocationSimulation = "YES">
      <BuildableProductRunnable>
         <BuildableReference
            BuildableIdentifier = "primary"
            BlueprintIdentifier = "26C939362947934B002211A6"
            BuildableName = "FiltroBusqueda.app"
            BlueprintName = "FiltroBusqueda"
            ReferencedContainer = "container:FiltroBusqueda.xcodeproj">
         </BuildableReference>
      </BuildableProductRunnable>
   </LaunchAction>
</Scheme>
